// !$*UTF8*$!
{
	archiveVersion = 1;
	classes = {
	};
	objectVersion = 56;
	objects = {

/* Begin PBXBuildFile section */
		26B4E9ED2A9D18790070C4DD /* MessengerTutorialApp.swift in Sources */ = {isa = PBXBuildFile; fileRef = 26B4E9EC2A9D18790070C4DD /* MessengerTutorialApp.swift */; };
		26B4E9EF2A9D18790070C4DD /* ContentView.swift in Sources */ = {isa = PBXBuildFile; fileRef = 26B4E9EE2A9D18790070C4DD /* ContentView.swift */; };
		26B4E9F12A9D187A0070C4DD /* Assets.xcassets in Resources */ = {isa = PBXBuildFile; fileRef = 26B4E9F02A9D187A0070C4DD /* Assets.xcassets */; };
		26B4E9F42A9D187A0070C4DD /* Preview Assets.xcassets in Resources */ = {isa = PBXBuildFile; fileRef = 26B4E9F32A9D187A0070C4DD /* Preview Assets.xcassets */; };
		26B4EA012A9D19160070C4DD /* LoginView.swift in Sources */ = {isa = PBXBuildFile; fileRef = 26B4EA002A9D19160070C4DD /* LoginView.swift */; };
		26B4EA052A9DF8790070C4DD /* RegistrationView.swift in Sources */ = {isa = PBXBuildFile; fileRef = 26B4EA042A9DF8790070C4DD /* RegistrationView.swift */; };
		26B4EA082A9DFCE50070C4DD /* InboxView.swift in Sources */ = {isa = PBXBuildFile; fileRef = 26B4EA072A9DFCE50070C4DD /* InboxView.swift */; };
		26B4EA0B2A9E002A0070C4DD /* ActiveNowView.swift in Sources */ = {isa = PBXBuildFile; fileRef = 26B4EA0A2A9E002A0070C4DD /* ActiveNowView.swift */; };
		26B4EA0D2A9E18DB0070C4DD /* InboxRowView.swift in Sources */ = {isa = PBXBuildFile; fileRef = 26B4EA0C2A9E18DB0070C4DD /* InboxRowView.swift */; };
		26B4EA102A9E1E340070C4DD /* NewMessageView.swift in Sources */ = {isa = PBXBuildFile; fileRef = 26B4EA0F2A9E1E340070C4DD /* NewMessageView.swift */; };
		26B4EA152A9E275B0070C4DD /* ProfileView.swift in Sources */ = {isa = PBXBuildFile; fileRef = 26B4EA142A9E275B0070C4DD /* ProfileView.swift */; };
		26B4EA172A9E28CD0070C4DD /* SettingsOptionsViewModel.swift in Sources */ = {isa = PBXBuildFile; fileRef = 26B4EA162A9E28CD0070C4DD /* SettingsOptionsViewModel.swift */; };
		26B4EA1B2A9F86C00070C4DD /* ProfileViewModel.swift in Sources */ = {isa = PBXBuildFile; fileRef = 26B4EA1A2A9F86C00070C4DD /* ProfileViewModel.swift */; };
		26B4EA1D2A9F9F1D0070C4DD /* User.swift in Sources */ = {isa = PBXBuildFile; fileRef = 26B4EA1C2A9F9F1D0070C4DD /* User.swift */; };
		26D083982A9FB437005B44C4 /* CircularProfileImageView.swift in Sources */ = {isa = PBXBuildFile; fileRef = 26D083972A9FB437005B44C4 /* CircularProfileImageView.swift */; };
		26D0839B2A9FB6D9005B44C4 /* ChatView.swift in Sources */ = {isa = PBXBuildFile; fileRef = 26D0839A2A9FB6D9005B44C4 /* ChatView.swift */; };
		26D0839D2AA09F68005B44C4 /* ChatMessageCell.swift in Sources */ = {isa = PBXBuildFile; fileRef = 26D0839C2AA09F68005B44C4 /* ChatMessageCell.swift */; };
		26D0839F2AA0B016005B44C4 /* ChatBubble.swift in Sources */ = {isa = PBXBuildFile; fileRef = 26D0839E2AA0B016005B44C4 /* ChatBubble.swift */; };
		26D083A12AA0B46B005B44C4 /* GoogleService-Info.plist in Resources */ = {isa = PBXBuildFile; fileRef = 26D083A02AA0B46B005B44C4 /* GoogleService-Info.plist */; };
		26D083A42AA0B505005B44C4 /* FirebaseAuth in Frameworks */ = {isa = PBXBuildFile; productRef = 26D083A32AA0B505005B44C4 /* FirebaseAuth */; };
		26D083A62AA0B505005B44C4 /* FirebaseFirestore in Frameworks */ = {isa = PBXBuildFile; productRef = 26D083A52AA0B505005B44C4 /* FirebaseFirestore */; };
		26D083A82AA0B505005B44C4 /* FirebaseFirestoreSwift in Frameworks */ = {isa = PBXBuildFile; productRef = 26D083A72AA0B505005B44C4 /* FirebaseFirestoreSwift */; };
		26D083AA2AA0B505005B44C4 /* FirebaseStorage in Frameworks */ = {isa = PBXBuildFile; productRef = 26D083A92AA0B505005B44C4 /* FirebaseStorage */; };
		26D083AE2AA0B646005B44C4 /* LoginViewModel.swift in Sources */ = {isa = PBXBuildFile; fileRef = 26D083AD2AA0B646005B44C4 /* LoginViewModel.swift */; };
		26D083B02AA0B670005B44C4 /* RegistrationViewModel.swift in Sources */ = {isa = PBXBuildFile; fileRef = 26D083AF2AA0B670005B44C4 /* RegistrationViewModel.swift */; };
		26D083B22AA0B68E005B44C4 /* AuthService.swift in Sources */ = {isa = PBXBuildFile; fileRef = 26D083B12AA0B68E005B44C4 /* AuthService.swift */; };
		26D083B42AA0F990005B44C4 /* ContentViewModel.swift in Sources */ = {isa = PBXBuildFile; fileRef = 26D083B32AA0F990005B44C4 /* ContentViewModel.swift */; };
		26D083B62AA106D5005B44C4 /* UserService.swift in Sources */ = {isa = PBXBuildFile; fileRef = 26D083B52AA106D5005B44C4 /* UserService.swift */; };
/* End PBXBuildFile section */

/* Begin PBXFileReference section */
		26B4E9E92A9D18790070C4DD /* MessengerTutorial.app */ = {isa = PBXFileReference; explicitFileType = wrapper.application; includeInIndex = 0; path = MessengerTutorial.app; sourceTree = BUILT_PRODUCTS_DIR; };
		26B4E9EC2A9D18790070C4DD /* MessengerTutorialApp.swift */ = {isa = PBXFileReference; lastKnownFileType = sourcecode.swift; path = MessengerTutorialApp.swift; sourceTree = "<group>"; };
		26B4E9EE2A9D18790070C4DD /* ContentView.swift */ = {isa = PBXFileReference; lastKnownFileType = sourcecode.swift; path = ContentView.swift; sourceTree = "<group>"; };
		26B4E9F02A9D187A0070C4DD /* Assets.xcassets */ = {isa = PBXFileReference; lastKnownFileType = folder.assetcatalog; path = Assets.xcassets; sourceTree = "<group>"; };
		26B4E9F32A9D187A0070C4DD /* Preview Assets.xcassets */ = {isa = PBXFileReference; lastKnownFileType = folder.assetcatalog; path = "Preview Assets.xcassets"; sourceTree = "<group>"; };
		26B4EA002A9D19160070C4DD /* LoginView.swift */ = {isa = PBXFileReference; lastKnownFileType = sourcecode.swift; path = LoginView.swift; sourceTree = "<group>"; };
		26B4EA042A9DF8790070C4DD /* RegistrationView.swift */ = {isa = PBXFileReference; lastKnownFileType = sourcecode.swift; path = RegistrationView.swift; sourceTree = "<group>"; };
		26B4EA072A9DFCE50070C4DD /* InboxView.swift */ = {isa = PBXFileReference; lastKnownFileType = sourcecode.swift; path = InboxView.swift; sourceTree = "<group>"; };
		26B4EA0A2A9E002A0070C4DD /* ActiveNowView.swift */ = {isa = PBXFileReference; lastKnownFileType = sourcecode.swift; path = ActiveNowView.swift; sourceTree = "<group>"; };
		26B4EA0C2A9E18DB0070C4DD /* InboxRowView.swift */ = {isa = PBXFileReference; lastKnownFileType = sourcecode.swift; path = InboxRowView.swift; sourceTree = "<group>"; };
		26B4EA0F2A9E1E340070C4DD /* NewMessageView.swift */ = {isa = PBXFileReference; lastKnownFileType = sourcecode.swift; path = NewMessageView.swift; sourceTree = "<group>"; };
		26B4EA142A9E275B0070C4DD /* ProfileView.swift */ = {isa = PBXFileReference; lastKnownFileType = sourcecode.swift; path = ProfileView.swift; sourceTree = "<group>"; };
		26B4EA162A9E28CD0070C4DD /* SettingsOptionsViewModel.swift */ = {isa = PBXFileReference; lastKnownFileType = sourcecode.swift; path = SettingsOptionsViewModel.swift; sourceTree = "<group>"; };
		26B4EA1A2A9F86C00070C4DD /* ProfileViewModel.swift */ = {isa = PBXFileReference; lastKnownFileType = sourcecode.swift; path = ProfileViewModel.swift; sourceTree = "<group>"; };
		26B4EA1C2A9F9F1D0070C4DD /* User.swift */ = {isa = PBXFileReference; lastKnownFileType = sourcecode.swift; path = User.swift; sourceTree = "<group>"; };
		26D083972A9FB437005B44C4 /* CircularProfileImageView.swift */ = {isa = PBXFileReference; lastKnownFileType = sourcecode.swift; path = CircularProfileImageView.swift; sourceTree = "<group>"; };
		26D0839A2A9FB6D9005B44C4 /* ChatView.swift */ = {isa = PBXFileReference; lastKnownFileType = sourcecode.swift; path = ChatView.swift; sourceTree = "<group>"; };
		26D0839C2AA09F68005B44C4 /* ChatMessageCell.swift */ = {isa = PBXFileReference; lastKnownFileType = sourcecode.swift; path = ChatMessageCell.swift; sourceTree = "<group>"; };
		26D0839E2AA0B016005B44C4 /* ChatBubble.swift */ = {isa = PBXFileReference; lastKnownFileType = sourcecode.swift; path = ChatBubble.swift; sourceTree = "<group>"; };
		26D083A02AA0B46B005B44C4 /* GoogleService-Info.plist */ = {isa = PBXFileReference; fileEncoding = 4; lastKnownFileType = text.plist.xml; path = "GoogleService-Info.plist"; sourceTree = "<group>"; };
		26D083AD2AA0B646005B44C4 /* LoginViewModel.swift */ = {isa = PBXFileReference; lastKnownFileType = sourcecode.swift; path = LoginViewModel.swift; sourceTree = "<group>"; };
		26D083AF2AA0B670005B44C4 /* RegistrationViewModel.swift */ = {isa = PBXFileReference; lastKnownFileType = sourcecode.swift; path = RegistrationViewModel.swift; sourceTree = "<group>"; };
		26D083B12AA0B68E005B44C4 /* AuthService.swift */ = {isa = PBXFileReference; lastKnownFileType = sourcecode.swift; path = AuthService.swift; sourceTree = "<group>"; };
		26D083B32AA0F990005B44C4 /* ContentViewModel.swift */ = {isa = PBXFileReference; lastKnownFileType = sourcecode.swift; path = ContentViewModel.swift; sourceTree = "<group>"; };
		26D083B52AA106D5005B44C4 /* UserService.swift */ = {isa = PBXFileReference; lastKnownFileType = sourcecode.swift; path = UserService.swift; sourceTree = "<group>"; };
/* End PBXFileReference section */

/* Begin PBXFrameworksBuildPhase section */
		26B4E9E62A9D18790070C4DD /* Frameworks */ = {
			isa = PBXFrameworksBuildPhase;
			buildActionMask = 2147483647;
			files = (
				26D083A42AA0B505005B44C4 /* FirebaseAuth in Frameworks */,
				26D083AA2AA0B505005B44C4 /* FirebaseStorage in Frameworks */,
				26D083A62AA0B505005B44C4 /* FirebaseFirestore in Frameworks */,
				26D083A82AA0B505005B44C4 /* FirebaseFirestoreSwift in Frameworks */,
			);
			runOnlyForDeploymentPostprocessing = 0;
		};
/* End PBXFrameworksBuildPhase section */

/* Begin PBXGroup section */
		26B4E9E02A9D18790070C4DD = {
			isa = PBXGroup;
			children = (
				26B4E9EB2A9D18790070C4DD /* MessengerTutorial */,
				26B4E9EA2A9D18790070C4DD /* Products */,
			);
			sourceTree = "<group>";
		};
		26B4E9EA2A9D18790070C4DD /* Products */ = {
			isa = PBXGroup;
			children = (
				26B4E9E92A9D18790070C4DD /* MessengerTutorial.app */,
			);
			name = Products;
			sourceTree = "<group>";
		};
		26B4E9EB2A9D18790070C4DD /* MessengerTutorial */ = {
			isa = PBXGroup;
			children = (
				26B4E9FA2A9D188B0070C4DD /* App */,
				26B4E9FB2A9D18950070C4DD /* Extensions */,
				26B4E9FC2A9D18B90070C4DD /* Core */,
				26B4EA022A9D192A0070C4DD /* Model */,
				26B4EA032A9D19370070C4DD /* Service */,
				26D083A02AA0B46B005B44C4 /* GoogleService-Info.plist */,
				26B4E9F02A9D187A0070C4DD /* Assets.xcassets */,
				26B4E9F22A9D187A0070C4DD /* Preview Content */,
			);
			path = MessengerTutorial;
			sourceTree = "<group>";
		};
		26B4E9F22A9D187A0070C4DD /* Preview Content */ = {
			isa = PBXGroup;
			children = (
				26B4E9F32A9D187A0070C4DD /* Preview Assets.xcassets */,
			);
			path = "Preview Content";
			sourceTree = "<group>";
		};
		26B4E9FA2A9D188B0070C4DD /* App */ = {
			isa = PBXGroup;
			children = (
				26B4E9EC2A9D18790070C4DD /* MessengerTutorialApp.swift */,
			);
			path = App;
			sourceTree = "<group>";
		};
		26B4E9FB2A9D18950070C4DD /* Extensions */ = {
			isa = PBXGroup;
			children = (
			);
			path = Extensions;
			sourceTree = "<group>";
		};
		26B4E9FC2A9D18B90070C4DD /* Core */ = {
			isa = PBXGroup;
			children = (
				26B4E9FD2A9D18DC0070C4DD /* Auth */,
				26B4EA092A9E000A0070C4DD /* ActiveNow */,
				26D083992A9FB6C9005B44C4 /* Chat */,
				26D083962A9FB40E005B44C4 /* Components */,
				26B4EA062A9DFCCC0070C4DD /* Inbox */,
				26B4EA0E2A9E1E1E0070C4DD /* NewMessage */,
				26B4EA112A9E273D0070C4DD /* Profile */,
				26B4E9FE2A9D18E20070C4DD /* Root */,
			);
			path = Core;
			sourceTree = "<group>";
		};
		26B4E9FD2A9D18DC0070C4DD /* Auth */ = {
			isa = PBXGroup;
			children = (
				26D083AC2AA0B60F005B44C4 /* ViewModel */,
				26B4E9FF2A9D18EF0070C4DD /* View */,
				26D083AB2AA0B609005B44C4 /* Service */,
			);
			path = Auth;
			sourceTree = "<group>";
		};
		26B4E9FE2A9D18E20070C4DD /* Root */ = {
			isa = PBXGroup;
			children = (
				26D083B32AA0F990005B44C4 /* ContentViewModel.swift */,
				26B4E9EE2A9D18790070C4DD /* ContentView.swift */,
			);
			path = Root;
			sourceTree = "<group>";
		};
		26B4E9FF2A9D18EF0070C4DD /* View */ = {
			isa = PBXGroup;
			children = (
				26B4EA002A9D19160070C4DD /* LoginView.swift */,
				26B4EA042A9DF8790070C4DD /* RegistrationView.swift */,
			);
			path = View;
			sourceTree = "<group>";
		};
		26B4EA022A9D192A0070C4DD /* Model */ = {
			isa = PBXGroup;
			children = (
				26B4EA1C2A9F9F1D0070C4DD /* User.swift */,
			);
			path = Model;
			sourceTree = "<group>";
		};
		26B4EA032A9D19370070C4DD /* Service */ = {
			isa = PBXGroup;
			children = (
				26D083B52AA106D5005B44C4 /* UserService.swift */,
			);
			path = Service;
			sourceTree = "<group>";
		};
		26B4EA062A9DFCCC0070C4DD /* Inbox */ = {
			isa = PBXGroup;
			children = (
				26B4EA072A9DFCE50070C4DD /* InboxView.swift */,
				26B4EA0C2A9E18DB0070C4DD /* InboxRowView.swift */,
			);
			path = Inbox;
			sourceTree = "<group>";
		};
		26B4EA092A9E000A0070C4DD /* ActiveNow */ = {
			isa = PBXGroup;
			children = (
				26B4EA0A2A9E002A0070C4DD /* ActiveNowView.swift */,
			);
			path = ActiveNow;
			sourceTree = "<group>";
		};
		26B4EA0E2A9E1E1E0070C4DD /* NewMessage */ = {
			isa = PBXGroup;
			children = (
				26B4EA0F2A9E1E340070C4DD /* NewMessageView.swift */,
			);
			path = NewMessage;
			sourceTree = "<group>";
		};
		26B4EA112A9E273D0070C4DD /* Profile */ = {
			isa = PBXGroup;
			children = (
				26B4EA122A9E27460070C4DD /* View */,
				26B4EA132A9E274A0070C4DD /* ViewModel */,
			);
			path = Profile;
			sourceTree = "<group>";
		};
		26B4EA122A9E27460070C4DD /* View */ = {
			isa = PBXGroup;
			children = (
				26B4EA142A9E275B0070C4DD /* ProfileView.swift */,
			);
			path = View;
			sourceTree = "<group>";
		};
		26B4EA132A9E274A0070C4DD /* ViewModel */ = {
			isa = PBXGroup;
			children = (
				26B4EA162A9E28CD0070C4DD /* SettingsOptionsViewModel.swift */,
				26B4EA1A2A9F86C00070C4DD /* ProfileViewModel.swift */,
			);
			path = ViewModel;
			sourceTree = "<group>";
		};
		26D083962A9FB40E005B44C4 /* Components */ = {
			isa = PBXGroup;
			children = (
				26D083972A9FB437005B44C4 /* CircularProfileImageView.swift */,
			);
			path = Components;
			sourceTree = "<group>";
		};
		26D083992A9FB6C9005B44C4 /* Chat */ = {
			isa = PBXGroup;
			children = (
				26D0839A2A9FB6D9005B44C4 /* ChatView.swift */,
				26D0839C2AA09F68005B44C4 /* ChatMessageCell.swift */,
				26D0839E2AA0B016005B44C4 /* ChatBubble.swift */,
			);
			path = Chat;
			sourceTree = "<group>";
		};
		26D083AB2AA0B609005B44C4 /* Service */ = {
			isa = PBXGroup;
			children = (
				26D083B12AA0B68E005B44C4 /* AuthService.swift */,
			);
			path = Service;
			sourceTree = "<group>";
		};
		26D083AC2AA0B60F005B44C4 /* ViewModel */ = {
			isa = PBXGroup;
			children = (
				26D083AD2AA0B646005B44C4 /* LoginViewModel.swift */,
				26D083AF2AA0B670005B44C4 /* RegistrationViewModel.swift */,
			);
			path = ViewModel;
			sourceTree = "<group>";
		};
/* End PBXGroup section */

/* Begin PBXNativeTarget section */
		26B4E9E82A9D18790070C4DD /* MessengerTutorial */ = {
			isa = PBXNativeTarget;
			buildConfigurationList = 26B4E9F72A9D187A0070C4DD /* Build configuration list for PBXNativeTarget "MessengerTutorial" */;
			buildPhases = (
				26B4E9E52A9D18790070C4DD /* Sources */,
				26B4E9E62A9D18790070C4DD /* Frameworks */,
				26B4E9E72A9D18790070C4DD /* Resources */,
			);
			buildRules = (
			);
			dependencies = (
			);
			name = MessengerTutorial;
			packageProductDependencies = (
				26D083A32AA0B505005B44C4 /* FirebaseAuth */,
				26D083A52AA0B505005B44C4 /* FirebaseFirestore */,
				26D083A72AA0B505005B44C4 /* FirebaseFirestoreSwift */,
				26D083A92AA0B505005B44C4 /* FirebaseStorage */,
			);
			productName = MessengerTutorial;
			productReference = 26B4E9E92A9D18790070C4DD /* MessengerTutorial.app */;
			productType = "com.apple.product-type.application";
		};
/* End PBXNativeTarget section */

/* Begin PBXProject section */
		26B4E9E12A9D18790070C4DD /* Project object */ = {
			isa = PBXProject;
			attributes = {
				BuildIndependentTargetsInParallel = 1;
				LastSwiftUpdateCheck = 1430;
				LastUpgradeCheck = 1430;
				TargetAttributes = {
					26B4E9E82A9D18790070C4DD = {
						CreatedOnToolsVersion = 14.3.1;
					};
				};
			};
			buildConfigurationList = 26B4E9E42A9D18790070C4DD /* Build configuration list for PBXProject "MessengerTutorial" */;
			compatibilityVersion = "Xcode 14.0";
			developmentRegion = en;
			hasScannedForEncodings = 0;
			knownRegions = (
				en,
				Base,
			);
			mainGroup = 26B4E9E02A9D18790070C4DD;
			packageReferences = (
				26D083A22AA0B505005B44C4 /* XCRemoteSwiftPackageReference "firebase-ios-sdk" */,
			);
			productRefGroup = 26B4E9EA2A9D18790070C4DD /* Products */;
			projectDirPath = "";
			projectRoot = "";
			targets = (
				26B4E9E82A9D18790070C4DD /* MessengerTutorial */,
			);
		};
/* End PBXProject section */

/* Begin PBXResourcesBuildPhase section */
		26B4E9E72A9D18790070C4DD /* Resources */ = {
			isa = PBXResourcesBuildPhase;
			buildActionMask = 2147483647;
			files = (
				26B4E9F42A9D187A0070C4DD /* Preview Assets.xcassets in Resources */,
				26B4E9F12A9D187A0070C4DD /* Assets.xcassets in Resources */,
				26D083A12AA0B46B005B44C4 /* GoogleService-Info.plist in Resources */,
			);
			runOnlyForDeploymentPostprocessing = 0;
		};
/* End PBXResourcesBuildPhase section */

/* Begin PBXSourcesBuildPhase section */
		26B4E9E52A9D18790070C4DD /* Sources */ = {
			isa = PBXSourcesBuildPhase;
			buildActionMask = 2147483647;
			files = (
				26B4EA0D2A9E18DB0070C4DD /* InboxRowView.swift in Sources */,
				26D083B02AA0B670005B44C4 /* RegistrationViewModel.swift in Sources */,
				26B4EA152A9E275B0070C4DD /* ProfileView.swift in Sources */,
				26B4EA102A9E1E340070C4DD /* NewMessageView.swift in Sources */,
				26D083B42AA0F990005B44C4 /* ContentViewModel.swift in Sources */,
				26B4EA012A9D19160070C4DD /* LoginView.swift in Sources */,
				26D0839B2A9FB6D9005B44C4 /* ChatView.swift in Sources */,
				26D083B22AA0B68E005B44C4 /* AuthService.swift in Sources */,
				26B4E9EF2A9D18790070C4DD /* ContentView.swift in Sources */,
				26D0839D2AA09F68005B44C4 /* ChatMessageCell.swift in Sources */,
				26D0839F2AA0B016005B44C4 /* ChatBubble.swift in Sources */,
				26D083982A9FB437005B44C4 /* CircularProfileImageView.swift in Sources */,
				26B4EA082A9DFCE50070C4DD /* InboxView.swift in Sources */,
				26D083AE2AA0B646005B44C4 /* LoginViewModel.swift in Sources */,
				26D083B62AA106D5005B44C4 /* UserService.swift in Sources */,
				26B4EA0B2A9E002A0070C4DD /* ActiveNowView.swift in Sources */,
				26B4EA1B2A9F86C00070C4DD /* ProfileViewModel.swift in Sources */,
				26B4EA1D2A9F9F1D0070C4DD /* User.swift in Sources */,
				26B4E9ED2A9D18790070C4DD /* MessengerTutorialApp.swift in Sources */,
				26B4EA172A9E28CD0070C4DD /* SettingsOptionsViewModel.swift in Sources */,
				26B4EA052A9DF8790070C4DD /* RegistrationView.swift in Sources */,
			);
			runOnlyForDeploymentPostprocessing = 0;
		};
/* End PBXSourcesBuildPhase section */

/* Begin XCBuildConfiguration section */
		26B4E9F52A9D187A0070C4DD /* Debug */ = {
			isa = XCBuildConfiguration;
			buildSettings = {
				ALWAYS_SEARCH_USER_PATHS = NO;
				CLANG_ANALYZER_NONNULL = YES;
				CLANG_ANALYZER_NUMBER_OBJECT_CONVERSION = YES_AGGRESSIVE;
				CLANG_CXX_LANGUAGE_STANDARD = "gnu++20";
				CLANG_ENABLE_MODULES = YES;
				CLANG_ENABLE_OBJC_ARC = YES;
				CLANG_ENABLE_OBJC_WEAK = YES;
				CLANG_WARN_BLOCK_CAPTURE_AUTORELEASING = YES;
				CLANG_WARN_BOOL_CONVERSION = YES;
				CLANG_WARN_COMMA = YES;
				CLANG_WARN_CONSTANT_CONVERSION = YES;
				CLANG_WARN_DEPRECATED_OBJC_IMPLEMENTATIONS = YES;
				CLANG_WARN_DIRECT_OBJC_ISA_USAGE = YES_ERROR;
				CLANG_WARN_DOCUMENTATION_COMMENTS = YES;
				CLANG_WARN_EMPTY_BODY = YES;
				CLANG_WARN_ENUM_CONVERSION = YES;
				CLANG_WARN_INFINITE_RECURSION = YES;
				CLANG_WARN_INT_CONVERSION = YES;
				CLANG_WARN_NON_LITERAL_NULL_CONVERSION = YES;
				CLANG_WARN_OBJC_IMPLICIT_RETAIN_SELF = YES;
				CLANG_WARN_OBJC_LITERAL_CONVERSION = YES;
				CLANG_WARN_OBJC_ROOT_CLASS = YES_ERROR;
				CLANG_WARN_QUOTED_INCLUDE_IN_FRAMEWORK_HEADER = YES;
				CLANG_WARN_RANGE_LOOP_ANALYSIS = YES;
				CLANG_WARN_STRICT_PROTOTYPES = YES;
				CLANG_WARN_SUSPICIOUS_MOVE = YES;
				CLANG_WARN_UNGUARDED_AVAILABILITY = YES_AGGRESSIVE;
				CLANG_WARN_UNREACHABLE_CODE = YES;
				CLANG_WARN__DUPLICATE_METHOD_MATCH = YES;
				COPY_PHASE_STRIP = NO;
				DEBUG_INFORMATION_FORMAT = dwarf;
				ENABLE_STRICT_OBJC_MSGSEND = YES;
				ENABLE_TESTABILITY = YES;
				GCC_C_LANGUAGE_STANDARD = gnu11;
				GCC_DYNAMIC_NO_PIC = NO;
				GCC_NO_COMMON_BLOCKS = YES;
				GCC_OPTIMIZATION_LEVEL = 0;
				GCC_PREPROCESSOR_DEFINITIONS = (
					"DEBUG=1",
					"$(inherited)",
				);
				GCC_WARN_64_TO_32_BIT_CONVERSION = YES;
				GCC_WARN_ABOUT_RETURN_TYPE = YES_ERROR;
				GCC_WARN_UNDECLARED_SELECTOR = YES;
				GCC_WARN_UNINITIALIZED_AUTOS = YES_AGGRESSIVE;
				GCC_WARN_UNUSED_FUNCTION = YES;
				GCC_WARN_UNUSED_VARIABLE = YES;
				IPHONEOS_DEPLOYMENT_TARGET = 16.4;
				MTL_ENABLE_DEBUG_INFO = INCLUDE_SOURCE;
				MTL_FAST_MATH = YES;
				ONLY_ACTIVE_ARCH = YES;
				SDKROOT = iphoneos;
				SWIFT_ACTIVE_COMPILATION_CONDITIONS = DEBUG;
				SWIFT_OPTIMIZATION_LEVEL = "-Onone";
			};
			name = Debug;
		};
		26B4E9F62A9D187A0070C4DD /* Release */ = {
			isa = XCBuildConfiguration;
			buildSettings = {
				ALWAYS_SEARCH_USER_PATHS = NO;
				CLANG_ANALYZER_NONNULL = YES;
				CLANG_ANALYZER_NUMBER_OBJECT_CONVERSION = YES_AGGRESSIVE;
				CLANG_CXX_LANGUAGE_STANDARD = "gnu++20";
				CLANG_ENABLE_MODULES = YES;
				CLANG_ENABLE_OBJC_ARC = YES;
				CLANG_ENABLE_OBJC_WEAK = YES;
				CLANG_WARN_BLOCK_CAPTURE_AUTORELEASING = YES;
				CLANG_WARN_BOOL_CONVERSION = YES;
				CLANG_WARN_COMMA = YES;
				CLANG_WARN_CONSTANT_CONVERSION = YES;
				CLANG_WARN_DEPRECATED_OBJC_IMPLEMENTATIONS = YES;
				CLANG_WARN_DIRECT_OBJC_ISA_USAGE = YES_ERROR;
				CLANG_WARN_DOCUMENTATION_COMMENTS = YES;
				CLANG_WARN_EMPTY_BODY = YES;
				CLANG_WARN_ENUM_CONVERSION = YES;
				CLANG_WARN_INFINITE_RECURSION = YES;
				CLANG_WARN_INT_CONVERSION = YES;
				CLANG_WARN_NON_LITERAL_NULL_CONVERSION = YES;
				CLANG_WARN_OBJC_IMPLICIT_RETAIN_SELF = YES;
				CLANG_WARN_OBJC_LITERAL_CONVERSION = YES;
				CLANG_WARN_OBJC_ROOT_CLASS = YES_ERROR;
				CLANG_WARN_QUOTED_INCLUDE_IN_FRAMEWORK_HEADER = YES;
				CLANG_WARN_RANGE_LOOP_ANALYSIS = YES;
				CLANG_WARN_STRICT_PROTOTYPES = YES;
				CLANG_WARN_SUSPICIOUS_MOVE = YES;
				CLANG_WARN_UNGUARDED_AVAILABILITY = YES_AGGRESSIVE;
				CLANG_WARN_UNREACHABLE_CODE = YES;
				CLANG_WARN__DUPLICATE_METHOD_MATCH = YES;
				COPY_PHASE_STRIP = NO;
				DEBUG_INFORMATION_FORMAT = "dwarf-with-dsym";
				ENABLE_NS_ASSERTIONS = NO;
				ENABLE_STRICT_OBJC_MSGSEND = YES;
				GCC_C_LANGUAGE_STANDARD = gnu11;
				GCC_NO_COMMON_BLOCKS = YES;
				GCC_WARN_64_TO_32_BIT_CONVERSION = YES;
				GCC_WARN_ABOUT_RETURN_TYPE = YES_ERROR;
				GCC_WARN_UNDECLARED_SELECTOR = YES;
				GCC_WARN_UNINITIALIZED_AUTOS = YES_AGGRESSIVE;
				GCC_WARN_UNUSED_FUNCTION = YES;
				GCC_WARN_UNUSED_VARIABLE = YES;
				IPHONEOS_DEPLOYMENT_TARGET = 16.4;
				MTL_ENABLE_DEBUG_INFO = NO;
				MTL_FAST_MATH = YES;
				SDKROOT = iphoneos;
				SWIFT_COMPILATION_MODE = wholemodule;
				SWIFT_OPTIMIZATION_LEVEL = "-O";
				VALIDATE_PRODUCT = YES;
			};
			name = Release;
		};
		26B4E9F82A9D187A0070C4DD /* Debug */ = {
			isa = XCBuildConfiguration;
			buildSettings = {
				ASSETCATALOG_COMPILER_APPICON_NAME = AppIcon;
				ASSETCATALOG_COMPILER_GLOBAL_ACCENT_COLOR_NAME = AccentColor;
				CODE_SIGN_STYLE = Automatic;
				CURRENT_PROJECT_VERSION = 1;
				DEVELOPMENT_ASSET_PATHS = "\"MessengerTutorial/Preview Content\"";
				DEVELOPMENT_TEAM = 9875BH6JL2;
				ENABLE_PREVIEWS = YES;
				GENERATE_INFOPLIST_FILE = YES;
				INFOPLIST_KEY_UIApplicationSceneManifest_Generation = YES;
				INFOPLIST_KEY_UIApplicationSupportsIndirectInputEvents = YES;
				INFOPLIST_KEY_UILaunchScreen_Generation = YES;
				INFOPLIST_KEY_UISupportedInterfaceOrientations_iPad = "UIInterfaceOrientationPortrait UIInterfaceOrientationPortraitUpsideDown UIInterfaceOrientationLandscapeLeft UIInterfaceOrientationLandscapeRight";
				INFOPLIST_KEY_UISupportedInterfaceOrientations_iPhone = "UIInterfaceOrientationPortrait UIInterfaceOrientationLandscapeLeft UIInterfaceOrientationLandscapeRight";
				IPHONEOS_DEPLOYMENT_TARGET = 16.0;
				LD_RUNPATH_SEARCH_PATHS = (
					"$(inherited)",
					"@executable_path/Frameworks",
				);
				MARKETING_VERSION = 1.0;
				PRODUCT_BUNDLE_IDENTIFIER = kanevsky.MessengerTutorial;
				PRODUCT_NAME = "$(TARGET_NAME)";
				SWIFT_EMIT_LOC_STRINGS = YES;
				SWIFT_VERSION = 5.0;
				TARGETED_DEVICE_FAMILY = "1,2";
			};
			name = Debug;
		};
		26B4E9F92A9D187A0070C4DD /* Release */ = {
			isa = XCBuildConfiguration;
			buildSettings = {
				ASSETCATALOG_COMPILER_APPICON_NAME = AppIcon;
				ASSETCATALOG_COMPILER_GLOBAL_ACCENT_COLOR_NAME = AccentColor;
				CODE_SIGN_STYLE = Automatic;
				CURRENT_PROJECT_VERSION = 1;
				DEVELOPMENT_ASSET_PATHS = "\"MessengerTutorial/Preview Content\"";
				DEVELOPMENT_TEAM = 9875BH6JL2;
				ENABLE_PREVIEWS = YES;
				GENERATE_INFOPLIST_FILE = YES;
				INFOPLIST_KEY_UIApplicationSceneManifest_Generation = YES;
				INFOPLIST_KEY_UIApplicationSupportsIndirectInputEvents = YES;
				INFOPLIST_KEY_UILaunchScreen_Generation = YES;
				INFOPLIST_KEY_UISupportedInterfaceOrientations_iPad = "UIInterfaceOrientationPortrait UIInterfaceOrientationPortraitUpsideDown UIInterfaceOrientationLandscapeLeft UIInterfaceOrientationLandscapeRight";
				INFOPLIST_KEY_UISupportedInterfaceOrientations_iPhone = "UIInterfaceOrientationPortrait UIInterfaceOrientationLandscapeLeft UIInterfaceOrientationLandscapeRight";
				IPHONEOS_DEPLOYMENT_TARGET = 16.0;
				LD_RUNPATH_SEARCH_PATHS = (
					"$(inherited)",
					"@executable_path/Frameworks",
				);
				MARKETING_VERSION = 1.0;
				PRODUCT_BUNDLE_IDENTIFIER = kanevsky.MessengerTutorial;
				PRODUCT_NAME = "$(TARGET_NAME)";
				SWIFT_EMIT_LOC_STRINGS = YES;
				SWIFT_VERSION = 5.0;
				TARGETED_DEVICE_FAMILY = "1,2";
			};
			name = Release;
		};
/* End XCBuildConfiguration section */

/* Begin XCConfigurationList section */
		26B4E9E42A9D18790070C4DD /* Build configuration list for PBXProject "MessengerTutorial" */ = {
			isa = XCConfigurationList;
			buildConfigurations = (
				26B4E9F52A9D187A0070C4DD /* Debug */,
				26B4E9F62A9D187A0070C4DD /* Release */,
			);
			defaultConfigurationIsVisible = 0;
			defaultConfigurationName = Release;
		};
		26B4E9F72A9D187A0070C4DD /* Build configuration list for PBXNativeTarget "MessengerTutorial" */ = {
			isa = XCConfigurationList;
			buildConfigurations = (
				26B4E9F82A9D187A0070C4DD /* Debug */,
				26B4E9F92A9D187A0070C4DD /* Release */,
			);
			defaultConfigurationIsVisible = 0;
			defaultConfigurationName = Release;
		};
/* End XCConfigurationList section */

/* Begin XCRemoteSwiftPackageReference section */
		26D083A22AA0B505005B44C4 /* XCRemoteSwiftPackageReference "firebase-ios-sdk" */ = {
			isa = XCRemoteSwiftPackageReference;
			repositoryURL = "https://github.com/firebase/firebase-ios-sdk.git";
			requirement = {
				kind = upToNextMajorVersion;
				minimumVersion = 10.0.0;
			};
		};
/* End XCRemoteSwiftPackageReference section */

/* Begin XCSwiftPackageProductDependency section */
		26D083A32AA0B505005B44C4 /* FirebaseAuth */ = {
			isa = XCSwiftPackageProductDependency;
			package = 26D083A22AA0B505005B44C4 /* XCRemoteSwiftPackageReference "firebase-ios-sdk" */;
			productName = FirebaseAuth;
		};
		26D083A52AA0B505005B44C4 /* FirebaseFirestore */ = {
			isa = XCSwiftPackageProductDependency;
			package = 26D083A22AA0B505005B44C4 /* XCRemoteSwiftPackageReference "firebase-ios-sdk" */;
			productName = FirebaseFirestore;
		};
		26D083A72AA0B505005B44C4 /* FirebaseFirestoreSwift */ = {
			isa = XCSwiftPackageProductDependency;
			package = 26D083A22AA0B505005B44C4 /* XCRemoteSwiftPackageReference "firebase-ios-sdk" */;
			productName = FirebaseFirestoreSwift;
		};
		26D083A92AA0B505005B44C4 /* FirebaseStorage */ = {
			isa = XCSwiftPackageProductDependency;
			package = 26D083A22AA0B505005B44C4 /* XCRemoteSwiftPackageReference "firebase-ios-sdk" */;
			productName = FirebaseStorage;
		};
/* End XCSwiftPackageProductDependency section */
	};
	rootObject = 26B4E9E12A9D18790070C4DD /* Project object */;
}
